PODS:
  - AppCenter (3.2.0):
    - AppCenter/Analytics (= 3.2.0)
    - AppCenter/Crashes (= 3.2.0)
  - AppCenter/Analytics (3.2.0):
    - AppCenter/Core
  - AppCenter/Core (3.2.0)
  - AppCenter/Crashes (3.2.0):
    - AppCenter/Core
  - AppCenter/Distribute (3.2.0):
    - AppCenter/Core
  - connectivity (0.0.1):
    - Flutter
    - Reachability
  - device_info (0.0.1):
    - Flutter
  - Flutter (1.0.0)
  - flutter_appcenter (1.0.10):
    - AppCenter (~> 3.2.0)
    - AppCenter/Distribute (~> 3.2.0)
    - Flutter
  - flutter_local_notifications (0.0.1):
    - Flutter
  - flutter_mapbox_native (0.0.1):
    - Flutter
    - Mapbox-iOS-SDK (~> 5.6.0)
  - FMDB (2.7.5):
    - FMDB/standard (= 2.7.5)
  - FMDB/standard (2.7.5)
  - "geolocator (6.0.0+4)":
    - Flutter
  - install_plugin (0.0.1):
    - Flutter
  - local_auth (0.0.1):
    - Flutter
  - location (0.0.1):
    - Flutter
  - majascan (0.0.4):
    - Flutter
  - Mapbox-iOS-SDK (5.6.1):
    - MapboxMobileEvents (= 0.10.2)
  - mapbox_gl (0.0.1):
    - Flutter
    - Mapbox-iOS-SDK (~> 5.6.0)
    - MapboxAnnotationExtension (~> 0.0.1-beta.1)
  - MapboxAnnotationExtension (0.0.1-beta.1):
    - Mapbox-iOS-SDK (~> 5.2)
  - MapboxMobileEvents (0.10.2)
  - native_screenshot (0.0.1):
    - Flutter
  - open_appstore (0.0.1):
    - Flutter
  - package_info (0.0.1):
    - Flutter
  - path_provider (0.0.1):
    - Flutter
  - "permission_handler (5.0.1+1)":
    - Flutter
  - Reachability (3.2)
  - share (0.0.1):
    - Flutter
  - shared_preferences (0.0.1):
    - Flutter
  - sqflite (0.0.2):
    - Flutter
    - FMDB (>= 2.7.5)
  - url_launcher (0.0.1):
    - Flutter
  - webview_flutter (0.0.1):
    - Flutter

DEPENDENCIES:
  - connectivity (from `.symlinks/plugins/connectivity/ios`)
  - device_info (from `.symlinks/plugins/device_info/ios`)
  - Flutter (from `Flutter`)
  - flutter_appcenter (from `.symlinks/plugins/flutter_appcenter/ios`)
  - flutter_local_notifications (from `.symlinks/plugins/flutter_local_notifications/ios`)
  - flutter_mapbox_native (from `.symlinks/plugins/flutter_mapbox_native/ios`)
  - geolocator (from `.symlinks/plugins/geolocator/ios`)
  - install_plugin (from `.symlinks/plugins/install_plugin/ios`)
  - local_auth (from `.symlinks/plugins/local_auth/ios`)
  - location (from `.symlinks/plugins/location/ios`)
  - majascan (from `.symlinks/plugins/majascan/ios`)
  - mapbox_gl (from `.symlinks/plugins/mapbox_gl/ios`)
  - native_screenshot (from `.symlinks/plugins/native_screenshot/ios`)
  - open_appstore (from `.symlinks/plugins/open_appstore/ios`)
  - package_info (from `.symlinks/plugins/package_info/ios`)
  - path_provider (from `.symlinks/plugins/path_provider/ios`)
  - permission_handler (from `.symlinks/plugins/permission_handler/ios`)
  - share (from `.symlinks/plugins/share/ios`)
  - shared_preferences (from `.symlinks/plugins/shared_preferences/ios`)
  - sqflite (from `.symlinks/plugins/sqflite/ios`)
  - url_launcher (from `.symlinks/plugins/url_launcher/ios`)
  - webview_flutter (from `.symlinks/plugins/webview_flutter/ios`)

SPEC REPOS:
  trunk:
    - AppCenter
    - FMDB
    - Mapbox-iOS-SDK
    - MapboxAnnotationExtension
    - MapboxMobileEvents
    - Reachability

EXTERNAL SOURCES:
  connectivity:
    :path: ".symlinks/plugins/connectivity/ios"
  device_info:
    :path: ".symlinks/plugins/device_info/ios"
  Flutter:
    :path: Flutter
  flutter_appcenter:
    :path: ".symlinks/plugins/flutter_appcenter/ios"
  flutter_local_notifications:
    :path: ".symlinks/plugins/flutter_local_notifications/ios"
  flutter_mapbox_native:
    :path: ".symlinks/plugins/flutter_mapbox_native/ios"
  geolocator:
    :path: ".symlinks/plugins/geolocator/ios"
  install_plugin:
    :path: ".symlinks/plugins/install_plugin/ios"
  local_auth:
    :path: ".symlinks/plugins/local_auth/ios"
  location:
    :path: ".symlinks/plugins/location/ios"
  majascan:
    :path: ".symlinks/plugins/majascan/ios"
  mapbox_gl:
    :path: ".symlinks/plugins/mapbox_gl/ios"
  native_screenshot:
    :path: ".symlinks/plugins/native_screenshot/ios"
  open_appstore:
    :path: ".symlinks/plugins/open_appstore/ios"
  package_info:
    :path: ".symlinks/plugins/package_info/ios"
  path_provider:
    :path: ".symlinks/plugins/path_provider/ios"
  permission_handler:
    :path: ".symlinks/plugins/permission_handler/ios"
  share:
    :path: ".symlinks/plugins/share/ios"
  shared_preferences:
    :path: ".symlinks/plugins/shared_preferences/ios"
  sqflite:
    :path: ".symlinks/plugins/sqflite/ios"
  url_launcher:
    :path: ".symlinks/plugins/url_launcher/ios"
  webview_flutter:
    :path: ".symlinks/plugins/webview_flutter/ios"

SPEC CHECKSUMS:
  AppCenter: ca66175050d538b157959382dd43f1ab96cdab84
  connectivity: c4130b2985d4ef6fd26f9702e886bd5260681467
  device_info: d7d233b645a32c40dfdc212de5cf646ca482f175
  Flutter: 0e3d915762c693b495b44d77113d4970485de6ec
  flutter_appcenter: d705da821d33c17ad9d08ab070f32b9c39b48caf
  flutter_local_notifications: 9e4738ce2471c5af910d961a6b7eadcf57c50186
  flutter_mapbox_native: df706d36f51096d5720e6d7fac684a6960b3ad44
  FMDB: 2ce00b547f966261cd18927a3ddb07cb6f3db82a
  geolocator: 1ae40084cc6c1586ce5ad12cfc3fd38c64d05f2f
  install_plugin: a13e7ddd2bab0c701b48cd359c26d0394125b6fb
  local_auth: 25938960984c3a7f6e3253e3f8d962fdd16852bd
  location: 3a2eed4dd2fab25e7b7baf2a9efefe82b512d740
  majascan: 6ad3804777ac93f1ca09160e5d38197e4387081d
  Mapbox-iOS-SDK: b31bd62a5dd5b7e688eab787acd3d093a122f4d6
  mapbox_gl: 48d261b93d7dfc2367c2f93b493ea8f43df5ba96
  MapboxAnnotationExtension: d66de5561562c9d940153c0135725e671407b781
  MapboxMobileEvents: 2bc0ca2eedb627b73cf403258dce2b2fa98074a6
  native_screenshot: 70900984bca8d5f42acf68611b8214b32a9f0deb
  open_appstore: 4eddfae38848002fdde8d42e1734d16cb34439de
  package_info: 873975fc26034f0b863a300ad47e7f1ac6c7ec62
  path_provider: abfe2b5c733d04e238b0d8691db0cfd63a27a93c
  permission_handler: eac8e15b4a1a3fba55b761d19f3f4e6b005d15b6
  Reachability: 33e18b67625424e47b6cde6d202dce689ad7af96
  share: 0b2c3e82132f5888bccca3351c504d0003b3b410
  shared_preferences: af6bfa751691cdc24be3045c43ec037377ada40d
  sqflite: 6d358c025f5b867b29ed92fc697fd34924e11904
  url_launcher: 6fef411d543ceb26efce54b05a0a40bfd74cbbef
  webview_flutter: d2b4d6c66968ad042ad94cbb791f5b72b4678a96

PODFILE CHECKSUM: aafe91acc616949ddb318b77800a7f51bffa2a4c

COCOAPODS: 1.9.3
